// !$*UTF8*$!
{
	archiveVersion = 1;
	classes = {
	};
	objectVersion = 54;
	objects = {

/* Begin PBXBuildFile section */
		00E356F31AD99517003FC87E /* FestifyTests.m in Sources */ = {isa = PBXBuildFile; fileRef = 00E356F21AD99517003FC87E /* FestifyTests.m */; };
		13B07FBC1A68108700A75B9A /* AppDelegate.mm in Sources */ = {isa = PBXBuildFile; fileRef = 13B07FB01A68108700A75B9A /* AppDelegate.mm */; };
		13B07FBF1A68108700A75B9A /* Images.xcassets in Resources */ = {isa = PBXBuildFile; fileRef = 13B07FB51A68108700A75B9A /* Images.xcassets */; };
		13B07FC11A68108700A75B9A /* main.m in Sources */ = {isa = PBXBuildFile; fileRef = 13B07FB71A68108700A75B9A /* main.m */; };
		3138B37AF43A4F769F1789ED /* Poppins-Italic.ttf in Resources */ = {isa = PBXBuildFile; fileRef = D1DA3116C13B45ED871FA3B2 /* Poppins-Italic.ttf */; };
		328E9DB87EC14DBB8963BEF1 /* Poppins-Bold.ttf in Resources */ = {isa = PBXBuildFile; fileRef = 7B317CA901494B92BE48FB4F /* Poppins-Bold.ttf */; };
		3B80AEF52B3D9A190099805A /* Fontisto.ttf in Resources */ = {isa = PBXBuildFile; fileRef = 3B80AEE22B3D9A190099805A /* Fontisto.ttf */; };
		3B80AEF62B3D9A190099805A /* Fontisto.ttf in Resources */ = {isa = PBXBuildFile; fileRef = 3B80AEE22B3D9A190099805A /* Fontisto.ttf */; };
		3B80AEF72B3D9A190099805A /* Octicons.ttf in Resources */ = {isa = PBXBuildFile; fileRef = 3B80AEE32B3D9A190099805A /* Octicons.ttf */; };
		3B80AEF82B3D9A190099805A /* Octicons.ttf in Resources */ = {isa = PBXBuildFile; fileRef = 3B80AEE32B3D9A190099805A /* Octicons.ttf */; };
		3B80AEF92B3D9A190099805A /* Feather.ttf in Resources */ = {isa = PBXBuildFile; fileRef = 3B80AEE42B3D9A190099805A /* Feather.ttf */; };
		3B80AEFA2B3D9A190099805A /* Feather.ttf in Resources */ = {isa = PBXBuildFile; fileRef = 3B80AEE42B3D9A190099805A /* Feather.ttf */; };
		3B80AEFB2B3D9A190099805A /* FontAwesome6_Regular.ttf in Resources */ = {isa = PBXBuildFile; fileRef = 3B80AEE52B3D9A190099805A /* FontAwesome6_Regular.ttf */; };
		3B80AEFC2B3D9A190099805A /* FontAwesome6_Regular.ttf in Resources */ = {isa = PBXBuildFile; fileRef = 3B80AEE52B3D9A190099805A /* FontAwesome6_Regular.ttf */; };
		3B80AEFD2B3D9A190099805A /* Entypo.ttf in Resources */ = {isa = PBXBuildFile; fileRef = 3B80AEE62B3D9A190099805A /* Entypo.ttf */; };
		3B80AEFE2B3D9A190099805A /* Entypo.ttf in Resources */ = {isa = PBXBuildFile; fileRef = 3B80AEE62B3D9A190099805A /* Entypo.ttf */; };
		3B80AEFF2B3D9A190099805A /* FontAwesome5_Brands.ttf in Resources */ = {isa = PBXBuildFile; fileRef = 3B80AEE72B3D9A190099805A /* FontAwesome5_Brands.ttf */; };
		3B80AF002B3D9A190099805A /* FontAwesome5_Brands.ttf in Resources */ = {isa = PBXBuildFile; fileRef = 3B80AEE72B3D9A190099805A /* FontAwesome5_Brands.ttf */; };
		3B80AF012B3D9A190099805A /* MaterialCommunityIcons.ttf in Resources */ = {isa = PBXBuildFile; fileRef = 3B80AEE82B3D9A190099805A /* MaterialCommunityIcons.ttf */; };
		3B80AF022B3D9A190099805A /* MaterialCommunityIcons.ttf in Resources */ = {isa = PBXBuildFile; fileRef = 3B80AEE82B3D9A190099805A /* MaterialCommunityIcons.ttf */; };
		3B80AF032B3D9A190099805A /* AntDesign.ttf in Resources */ = {isa = PBXBuildFile; fileRef = 3B80AEE92B3D9A190099805A /* AntDesign.ttf */; };
		3B80AF042B3D9A190099805A /* AntDesign.ttf in Resources */ = {isa = PBXBuildFile; fileRef = 3B80AEE92B3D9A190099805A /* AntDesign.ttf */; };
		3B80AF052B3D9A190099805A /* Foundation.ttf in Resources */ = {isa = PBXBuildFile; fileRef = 3B80AEEA2B3D9A190099805A /* Foundation.ttf */; };
		3B80AF062B3D9A190099805A /* Foundation.ttf in Resources */ = {isa = PBXBuildFile; fileRef = 3B80AEEA2B3D9A190099805A /* Foundation.ttf */; };
		3B80AF072B3D9A190099805A /* Ionicons.ttf in Resources */ = {isa = PBXBuildFile; fileRef = 3B80AEEB2B3D9A190099805A /* Ionicons.ttf */; };
		3B80AF082B3D9A190099805A /* Ionicons.ttf in Resources */ = {isa = PBXBuildFile; fileRef = 3B80AEEB2B3D9A190099805A /* Ionicons.ttf */; };
		3B80AF092B3D9A190099805A /* FontAwesome5_Solid.ttf in Resources */ = {isa = PBXBuildFile; fileRef = 3B80AEEC2B3D9A190099805A /* FontAwesome5_Solid.ttf */; };
		3B80AF0A2B3D9A190099805A /* FontAwesome5_Solid.ttf in Resources */ = {isa = PBXBuildFile; fileRef = 3B80AEEC2B3D9A190099805A /* FontAwesome5_Solid.ttf */; };
		3B80AF0B2B3D9A190099805A /* FontAwesome5_Regular.ttf in Resources */ = {isa = PBXBuildFile; fileRef = 3B80AEED2B3D9A190099805A /* FontAwesome5_Regular.ttf */; };
		3B80AF0C2B3D9A190099805A /* FontAwesome5_Regular.ttf in Resources */ = {isa = PBXBuildFile; fileRef = 3B80AEED2B3D9A190099805A /* FontAwesome5_Regular.ttf */; };
		3B80AF0D2B3D9A190099805A /* FontAwesome.ttf in Resources */ = {isa = PBXBuildFile; fileRef = 3B80AEEE2B3D9A190099805A /* FontAwesome.ttf */; };
		3B80AF0E2B3D9A190099805A /* FontAwesome.ttf in Resources */ = {isa = PBXBuildFile; fileRef = 3B80AEEE2B3D9A190099805A /* FontAwesome.ttf */; };
		3B80AF0F2B3D9A190099805A /* Zocial.ttf in Resources */ = {isa = PBXBuildFile; fileRef = 3B80AEEF2B3D9A190099805A /* Zocial.ttf */; };
		3B80AF102B3D9A190099805A /* Zocial.ttf in Resources */ = {isa = PBXBuildFile; fileRef = 3B80AEEF2B3D9A190099805A /* Zocial.ttf */; };
		3B80AF112B3D9A190099805A /* EvilIcons.ttf in Resources */ = {isa = PBXBuildFile; fileRef = 3B80AEF02B3D9A190099805A /* EvilIcons.ttf */; };
		3B80AF122B3D9A190099805A /* EvilIcons.ttf in Resources */ = {isa = PBXBuildFile; fileRef = 3B80AEF02B3D9A190099805A /* EvilIcons.ttf */; };
		3B80AF132B3D9A190099805A /* FontAwesome6_Solid.ttf in Resources */ = {isa = PBXBuildFile; fileRef = 3B80AEF12B3D9A190099805A /* FontAwesome6_Solid.ttf */; };
		3B80AF142B3D9A190099805A /* FontAwesome6_Solid.ttf in Resources */ = {isa = PBXBuildFile; fileRef = 3B80AEF12B3D9A190099805A /* FontAwesome6_Solid.ttf */; };
		3B80AF152B3D9A190099805A /* SimpleLineIcons.ttf in Resources */ = {isa = PBXBuildFile; fileRef = 3B80AEF22B3D9A190099805A /* SimpleLineIcons.ttf */; };
		3B80AF162B3D9A190099805A /* SimpleLineIcons.ttf in Resources */ = {isa = PBXBuildFile; fileRef = 3B80AEF22B3D9A190099805A /* SimpleLineIcons.ttf */; };
		3B80AF172B3D9A190099805A /* FontAwesome6_Brands.ttf in Resources */ = {isa = PBXBuildFile; fileRef = 3B80AEF32B3D9A190099805A /* FontAwesome6_Brands.ttf */; };
		3B80AF182B3D9A190099805A /* FontAwesome6_Brands.ttf in Resources */ = {isa = PBXBuildFile; fileRef = 3B80AEF32B3D9A190099805A /* FontAwesome6_Brands.ttf */; };
		3B80AF192B3D9A190099805A /* MaterialIcons.ttf in Resources */ = {isa = PBXBuildFile; fileRef = 3B80AEF42B3D9A190099805A /* MaterialIcons.ttf */; };
		3B80AF1A2B3D9A190099805A /* MaterialIcons.ttf in Resources */ = {isa = PBXBuildFile; fileRef = 3B80AEF42B3D9A190099805A /* MaterialIcons.ttf */; };
		54315FE86A7C42E19077F30F /* Poppins-ExtraBoldItalic.ttf in Resources */ = {isa = PBXBuildFile; fileRef = 2DDBDF71CBA3477CBFEB0735 /* Poppins-ExtraBoldItalic.ttf */; };
		5E5AF57E97A74349A8875F83 /* Poppins-BoldItalic.ttf in Resources */ = {isa = PBXBuildFile; fileRef = 832DC9B6F25E4F7EAEDA757D /* Poppins-BoldItalic.ttf */; };
		627385C6C45241E1BE8C571B /* Poppins-Medium.ttf in Resources */ = {isa = PBXBuildFile; fileRef = 4A15DCAEA17E4903BB02CDF0 /* Poppins-Medium.ttf */; };
		663F30476A4E42CF93A6387A /* Poppins-ExtraLight.ttf in Resources */ = {isa = PBXBuildFile; fileRef = 35157BAACD064053A731ED79 /* Poppins-ExtraLight.ttf */; };
		6FA1446C72684BAB9CDAC287 /* Poppins-MediumItalic.ttf in Resources */ = {isa = PBXBuildFile; fileRef = 17CD0B3DB5E34D5A84B305DB /* Poppins-MediumItalic.ttf */; };
		77B0B99A1DC54EF2A043108B /* Poppins-ExtraLightItalic.ttf in Resources */ = {isa = PBXBuildFile; fileRef = E72EE5C96A2D47449AAB7283 /* Poppins-ExtraLightItalic.ttf */; };
		7865113FD2224879BA36E19D /* Poppins-Regular.ttf in Resources */ = {isa = PBXBuildFile; fileRef = C23ECA2888C74BFD9A4845E7 /* Poppins-Regular.ttf */; };
		7C12E0F7FA751D0BB20CF15C /* Pods_Festify_FestifyTests.framework in Frameworks */ = {isa = PBXBuildFile; fileRef = 64135FDA25926AC4104D7A2A /* Pods_Festify_FestifyTests.framework */; };
		7D8B51A1D79E4840813A347C /* Poppins-Black.ttf in Resources */ = {isa = PBXBuildFile; fileRef = C5EB12A722244FCBA4CE50EE /* Poppins-Black.ttf */; };
		802D3BCCA5BB486E9D2B6A3B /* Poppins-Thin.ttf in Resources */ = {isa = PBXBuildFile; fileRef = CFA90D33483947F792639D69 /* Poppins-Thin.ttf */; };
		81AB9BB82411601600AC10FF /* LaunchScreen.storyboard in Resources */ = {isa = PBXBuildFile; fileRef = 81AB9BB72411601600AC10FF /* LaunchScreen.storyboard */; };
		951C26CD4DE5471BB591F5F2 /* Poppins-SemiBold.ttf in Resources */ = {isa = PBXBuildFile; fileRef = 5DBADD50238148EF9FBC6905 /* Poppins-SemiBold.ttf */; };
		9CABF2E41E1B454AA8BEBA00 /* OFL.txt in Resources */ = {isa = PBXBuildFile; fileRef = 48396764E71C4B38A493CFB6 /* OFL.txt */; };
		A31A3F952F63471C9FA8DB58 /* Poppins-LightItalic.ttf in Resources */ = {isa = PBXBuildFile; fileRef = 82E781531984429588E3C7F0 /* Poppins-LightItalic.ttf */; };
		A88FE55820894CAAAC070FDD /* Poppins-Light.ttf in Resources */ = {isa = PBXBuildFile; fileRef = 9723905C4687420FADCEF9EA /* Poppins-Light.ttf */; };
		A9340D5EE58D4097BB247BEA /* Poppins-BlackItalic.ttf in Resources */ = {isa = PBXBuildFile; fileRef = B67C23FE8DD346A88CD89E22 /* Poppins-BlackItalic.ttf */; };
		AD86005E021A4A3895EFF4E3 /* Poppins-ThinItalic.ttf in Resources */ = {isa = PBXBuildFile; fileRef = EFC2F792C2154B64B887960D /* Poppins-ThinItalic.ttf */; };
		B65CF088AC9034B579D70521 /* Pods_Festify.framework in Frameworks */ = {isa = PBXBuildFile; fileRef = 279223C2F43A2DCF1DBCB35A /* Pods_Festify.framework */; };
		C1AB5D13B9054E3D8FDC9823 /* Poppins-ExtraBold.ttf in Resources */ = {isa = PBXBuildFile; fileRef = 01ABEE22E1BE49B589AB0746 /* Poppins-ExtraBold.ttf */; };
		E56187FDEAFC4C8EBC2A7190 /* Poppins-SemiBoldItalic.ttf in Resources */ = {isa = PBXBuildFile; fileRef = 7DC83530505E431A9DAADAE8 /* Poppins-SemiBoldItalic.ttf */; };
		06549B93911C4E2A8AD505A5 /* Inter-VariableFont_slnt,wght.ttf in Resources */ = {isa = PBXBuildFile; fileRef = 486FCD3962CD443EB2800731 /* Inter-VariableFont_slnt,wght.ttf */; };
		1A61F87E4024410A896E417A /* README.txt in Resources */ = {isa = PBXBuildFile; fileRef = DDE1C3A103154E06AFAAFD04 /* README.txt */; };
		09E7AC42132848119E2110DD /* Inter-Black.ttf in Resources */ = {isa = PBXBuildFile; fileRef = B0788E25B186432E908FB99B /* Inter-Black.ttf */; };
		AB967610E8F245EE9994B415 /* Inter-Bold.ttf in Resources */ = {isa = PBXBuildFile; fileRef = 819E6A78D77D496494DA26B8 /* Inter-Bold.ttf */; };
		75A28D84866548C08C779AA8 /* Inter-ExtraBold.ttf in Resources */ = {isa = PBXBuildFile; fileRef = 09A14ED039154706950F6921 /* Inter-ExtraBold.ttf */; };
		43752E662B0F4470B884EDCB /* Inter-ExtraLight.ttf in Resources */ = {isa = PBXBuildFile; fileRef = A5D651F472A4454785C72A34 /* Inter-ExtraLight.ttf */; };
		3002F59A6D60423684A007C7 /* Inter-Light.ttf in Resources */ = {isa = PBXBuildFile; fileRef = 14C673A6AF4A41629940D346 /* Inter-Light.ttf */; };
		81241E323BEF453ABF521146 /* Inter-Medium.ttf in Resources */ = {isa = PBXBuildFile; fileRef = EE90EF5E3E5C4EEAA968D7C6 /* Inter-Medium.ttf */; };
		8C28D86691294CEAAFF6C99A /* Inter-Regular.ttf in Resources */ = {isa = PBXBuildFile; fileRef = 110F837BA35D45199B7542B8 /* Inter-Regular.ttf */; };
		3CFCC5B0BD0E4C038D82CEE9 /* Inter-SemiBold.ttf in Resources */ = {isa = PBXBuildFile; fileRef = 225D37FD50E445B28E2636CC /* Inter-SemiBold.ttf */; };
		FED830EDAF4A45B58396F4F4 /* Inter-Thin.ttf in Resources */ = {isa = PBXBuildFile; fileRef = B703616FE3C94511BBBC84FC /* Inter-Thin.ttf */; };
/* End PBXBuildFile section */

/* Begin PBXContainerItemProxy section */
		00E356F41AD99517003FC87E /* PBXContainerItemProxy */ = {
			isa = PBXContainerItemProxy;
			containerPortal = 83CBB9F71A601CBA00E9B192 /* Project object */;
			proxyType = 1;
			remoteGlobalIDString = 13B07F861A680F5B00A75B9A;
			remoteInfo = Festify;
		};
/* End PBXContainerItemProxy section */

/* Begin PBXFileReference section */
		00E356EE1AD99517003FC87E /* FestifyTests.xctest */ = {isa = PBXFileReference; explicitFileType = wrapper.cfbundle; includeInIndex = 0; path = FestifyTests.xctest; sourceTree = BUILT_PRODUCTS_DIR; };
		00E356F11AD99517003FC87E /* Info.plist */ = {isa = PBXFileReference; lastKnownFileType = text.plist.xml; path = Info.plist; sourceTree = "<group>"; };
		00E356F21AD99517003FC87E /* FestifyTests.m */ = {isa = PBXFileReference; lastKnownFileType = sourcecode.c.objc; path = FestifyTests.m; sourceTree = "<group>"; };
		01ABEE22E1BE49B589AB0746 /* Poppins-ExtraBold.ttf */ = {isa = PBXFileReference; explicitFileType = undefined; fileEncoding = undefined; includeInIndex = 0; lastKnownFileType = unknown; name = "Poppins-ExtraBold.ttf"; path = "../android/assets/fonts/Poppins/Poppins-ExtraBold.ttf"; sourceTree = "<group>"; };
		13B07F961A680F5B00A75B9A /* Festify.app */ = {isa = PBXFileReference; explicitFileType = wrapper.application; includeInIndex = 0; path = Festify.app; sourceTree = BUILT_PRODUCTS_DIR; };
		13B07FAF1A68108700A75B9A /* AppDelegate.h */ = {isa = PBXFileReference; fileEncoding = 4; lastKnownFileType = sourcecode.c.h; name = AppDelegate.h; path = Festify/AppDelegate.h; sourceTree = "<group>"; };
		13B07FB01A68108700A75B9A /* AppDelegate.mm */ = {isa = PBXFileReference; fileEncoding = 4; lastKnownFileType = sourcecode.cpp.objcpp; name = AppDelegate.mm; path = Festify/AppDelegate.mm; sourceTree = "<group>"; };
		13B07FB51A68108700A75B9A /* Images.xcassets */ = {isa = PBXFileReference; lastKnownFileType = folder.assetcatalog; name = Images.xcassets; path = Festify/Images.xcassets; sourceTree = "<group>"; };
		13B07FB61A68108700A75B9A /* Info.plist */ = {isa = PBXFileReference; fileEncoding = 4; lastKnownFileType = text.plist.xml; name = Info.plist; path = Festify/Info.plist; sourceTree = "<group>"; };
		13B07FB71A68108700A75B9A /* main.m */ = {isa = PBXFileReference; fileEncoding = 4; lastKnownFileType = sourcecode.c.objc; name = main.m; path = Festify/main.m; sourceTree = "<group>"; };
		17CD0B3DB5E34D5A84B305DB /* Poppins-MediumItalic.ttf */ = {isa = PBXFileReference; explicitFileType = undefined; fileEncoding = undefined; includeInIndex = 0; lastKnownFileType = unknown; name = "Poppins-MediumItalic.ttf"; path = "../android/assets/fonts/Poppins/Poppins-MediumItalic.ttf"; sourceTree = "<group>"; };
		279223C2F43A2DCF1DBCB35A /* Pods_Festify.framework */ = {isa = PBXFileReference; explicitFileType = wrapper.framework; includeInIndex = 0; path = Pods_Festify.framework; sourceTree = BUILT_PRODUCTS_DIR; };
		2DDBDF71CBA3477CBFEB0735 /* Poppins-ExtraBoldItalic.ttf */ = {isa = PBXFileReference; explicitFileType = undefined; fileEncoding = undefined; includeInIndex = 0; lastKnownFileType = unknown; name = "Poppins-ExtraBoldItalic.ttf"; path = "../android/assets/fonts/Poppins/Poppins-ExtraBoldItalic.ttf"; sourceTree = "<group>"; };
		35157BAACD064053A731ED79 /* Poppins-ExtraLight.ttf */ = {isa = PBXFileReference; explicitFileType = undefined; fileEncoding = undefined; includeInIndex = 0; lastKnownFileType = unknown; name = "Poppins-ExtraLight.ttf"; path = "../android/assets/fonts/Poppins/Poppins-ExtraLight.ttf"; sourceTree = "<group>"; };
		3B4392A12AC88292D35C810B /* Pods-Festify.debug.xcconfig */ = {isa = PBXFileReference; includeInIndex = 1; lastKnownFileType = text.xcconfig; name = "Pods-Festify.debug.xcconfig"; path = "Target Support Files/Pods-Festify/Pods-Festify.debug.xcconfig"; sourceTree = "<group>"; };
		3B80AEE22B3D9A190099805A /* Fontisto.ttf */ = {isa = PBXFileReference; lastKnownFileType = file; path = Fontisto.ttf; sourceTree = "<group>"; };
		3B80AEE32B3D9A190099805A /* Octicons.ttf */ = {isa = PBXFileReference; lastKnownFileType = file; path = Octicons.ttf; sourceTree = "<group>"; };
		3B80AEE42B3D9A190099805A /* Feather.ttf */ = {isa = PBXFileReference; lastKnownFileType = file; path = Feather.ttf; sourceTree = "<group>"; };
		3B80AEE52B3D9A190099805A /* FontAwesome6_Regular.ttf */ = {isa = PBXFileReference; lastKnownFileType = file; path = FontAwesome6_Regular.ttf; sourceTree = "<group>"; };
		3B80AEE62B3D9A190099805A /* Entypo.ttf */ = {isa = PBXFileReference; lastKnownFileType = file; path = Entypo.ttf; sourceTree = "<group>"; };
		3B80AEE72B3D9A190099805A /* FontAwesome5_Brands.ttf */ = {isa = PBXFileReference; lastKnownFileType = file; path = FontAwesome5_Brands.ttf; sourceTree = "<group>"; };
		3B80AEE82B3D9A190099805A /* MaterialCommunityIcons.ttf */ = {isa = PBXFileReference; lastKnownFileType = file; path = MaterialCommunityIcons.ttf; sourceTree = "<group>"; };
		3B80AEE92B3D9A190099805A /* AntDesign.ttf */ = {isa = PBXFileReference; lastKnownFileType = file; path = AntDesign.ttf; sourceTree = "<group>"; };
		3B80AEEA2B3D9A190099805A /* Foundation.ttf */ = {isa = PBXFileReference; lastKnownFileType = file; path = Foundation.ttf; sourceTree = "<group>"; };
		3B80AEEB2B3D9A190099805A /* Ionicons.ttf */ = {isa = PBXFileReference; lastKnownFileType = file; path = Ionicons.ttf; sourceTree = "<group>"; };
		3B80AEEC2B3D9A190099805A /* FontAwesome5_Solid.ttf */ = {isa = PBXFileReference; lastKnownFileType = file; path = FontAwesome5_Solid.ttf; sourceTree = "<group>"; };
		3B80AEED2B3D9A190099805A /* FontAwesome5_Regular.ttf */ = {isa = PBXFileReference; lastKnownFileType = file; path = FontAwesome5_Regular.ttf; sourceTree = "<group>"; };
		3B80AEEE2B3D9A190099805A /* FontAwesome.ttf */ = {isa = PBXFileReference; lastKnownFileType = file; path = FontAwesome.ttf; sourceTree = "<group>"; };
		3B80AEEF2B3D9A190099805A /* Zocial.ttf */ = {isa = PBXFileReference; lastKnownFileType = file; path = Zocial.ttf; sourceTree = "<group>"; };
		3B80AEF02B3D9A190099805A /* EvilIcons.ttf */ = {isa = PBXFileReference; lastKnownFileType = file; path = EvilIcons.ttf; sourceTree = "<group>"; };
		3B80AEF12B3D9A190099805A /* FontAwesome6_Solid.ttf */ = {isa = PBXFileReference; lastKnownFileType = file; path = FontAwesome6_Solid.ttf; sourceTree = "<group>"; };
		3B80AEF22B3D9A190099805A /* SimpleLineIcons.ttf */ = {isa = PBXFileReference; lastKnownFileType = file; path = SimpleLineIcons.ttf; sourceTree = "<group>"; };
		3B80AEF32B3D9A190099805A /* FontAwesome6_Brands.ttf */ = {isa = PBXFileReference; lastKnownFileType = file; path = FontAwesome6_Brands.ttf; sourceTree = "<group>"; };
		3B80AEF42B3D9A190099805A /* MaterialIcons.ttf */ = {isa = PBXFileReference; lastKnownFileType = file; path = MaterialIcons.ttf; sourceTree = "<group>"; };
		48396764E71C4B38A493CFB6 /* OFL.txt */ = {isa = PBXFileReference; explicitFileType = undefined; fileEncoding = undefined; includeInIndex = 0; lastKnownFileType = unknown; name = OFL.txt; path = ../android/assets/fonts/Poppins/OFL.txt; sourceTree = "<group>"; };
		4A15DCAEA17E4903BB02CDF0 /* Poppins-Medium.ttf */ = {isa = PBXFileReference; explicitFileType = undefined; fileEncoding = undefined; includeInIndex = 0; lastKnownFileType = unknown; name = "Poppins-Medium.ttf"; path = "../android/assets/fonts/Poppins/Poppins-Medium.ttf"; sourceTree = "<group>"; };
		5709B34CF0A7D63546082F79 /* Pods-Festify.release.xcconfig */ = {isa = PBXFileReference; includeInIndex = 1; lastKnownFileType = text.xcconfig; name = "Pods-Festify.release.xcconfig"; path = "Target Support Files/Pods-Festify/Pods-Festify.release.xcconfig"; sourceTree = "<group>"; };
		5B7EB9410499542E8C5724F5 /* Pods-Festify-FestifyTests.debug.xcconfig */ = {isa = PBXFileReference; includeInIndex = 1; lastKnownFileType = text.xcconfig; name = "Pods-Festify-FestifyTests.debug.xcconfig"; path = "Target Support Files/Pods-Festify-FestifyTests/Pods-Festify-FestifyTests.debug.xcconfig"; sourceTree = "<group>"; };
		5DBADD50238148EF9FBC6905 /* Poppins-SemiBold.ttf */ = {isa = PBXFileReference; explicitFileType = undefined; fileEncoding = undefined; includeInIndex = 0; lastKnownFileType = unknown; name = "Poppins-SemiBold.ttf"; path = "../android/assets/fonts/Poppins/Poppins-SemiBold.ttf"; sourceTree = "<group>"; };
		64135FDA25926AC4104D7A2A /* Pods_Festify_FestifyTests.framework */ = {isa = PBXFileReference; explicitFileType = wrapper.framework; includeInIndex = 0; path = Pods_Festify_FestifyTests.framework; sourceTree = BUILT_PRODUCTS_DIR; };
		7B317CA901494B92BE48FB4F /* Poppins-Bold.ttf */ = {isa = PBXFileReference; explicitFileType = undefined; fileEncoding = undefined; includeInIndex = 0; lastKnownFileType = unknown; name = "Poppins-Bold.ttf"; path = "../android/assets/fonts/Poppins/Poppins-Bold.ttf"; sourceTree = "<group>"; };
		7DC83530505E431A9DAADAE8 /* Poppins-SemiBoldItalic.ttf */ = {isa = PBXFileReference; explicitFileType = undefined; fileEncoding = undefined; includeInIndex = 0; lastKnownFileType = unknown; name = "Poppins-SemiBoldItalic.ttf"; path = "../android/assets/fonts/Poppins/Poppins-SemiBoldItalic.ttf"; sourceTree = "<group>"; };
		81AB9BB72411601600AC10FF /* LaunchScreen.storyboard */ = {isa = PBXFileReference; fileEncoding = 4; lastKnownFileType = file.storyboard; name = LaunchScreen.storyboard; path = Festify/LaunchScreen.storyboard; sourceTree = "<group>"; };
		82E781531984429588E3C7F0 /* Poppins-LightItalic.ttf */ = {isa = PBXFileReference; explicitFileType = undefined; fileEncoding = undefined; includeInIndex = 0; lastKnownFileType = unknown; name = "Poppins-LightItalic.ttf"; path = "../android/assets/fonts/Poppins/Poppins-LightItalic.ttf"; sourceTree = "<group>"; };
		832DC9B6F25E4F7EAEDA757D /* Poppins-BoldItalic.ttf */ = {isa = PBXFileReference; explicitFileType = undefined; fileEncoding = undefined; includeInIndex = 0; lastKnownFileType = unknown; name = "Poppins-BoldItalic.ttf"; path = "../android/assets/fonts/Poppins/Poppins-BoldItalic.ttf"; sourceTree = "<group>"; };
		89C6BE57DB24E9ADA2F236DE /* Pods-Festify-FestifyTests.release.xcconfig */ = {isa = PBXFileReference; includeInIndex = 1; lastKnownFileType = text.xcconfig; name = "Pods-Festify-FestifyTests.release.xcconfig"; path = "Target Support Files/Pods-Festify-FestifyTests/Pods-Festify-FestifyTests.release.xcconfig"; sourceTree = "<group>"; };
		9723905C4687420FADCEF9EA /* Poppins-Light.ttf */ = {isa = PBXFileReference; explicitFileType = undefined; fileEncoding = undefined; includeInIndex = 0; lastKnownFileType = unknown; name = "Poppins-Light.ttf"; path = "../android/assets/fonts/Poppins/Poppins-Light.ttf"; sourceTree = "<group>"; };
		B67C23FE8DD346A88CD89E22 /* Poppins-BlackItalic.ttf */ = {isa = PBXFileReference; explicitFileType = undefined; fileEncoding = undefined; includeInIndex = 0; lastKnownFileType = unknown; name = "Poppins-BlackItalic.ttf"; path = "../android/assets/fonts/Poppins/Poppins-BlackItalic.ttf"; sourceTree = "<group>"; };
		C23ECA2888C74BFD9A4845E7 /* Poppins-Regular.ttf */ = {isa = PBXFileReference; explicitFileType = undefined; fileEncoding = undefined; includeInIndex = 0; lastKnownFileType = unknown; name = "Poppins-Regular.ttf"; path = "../android/assets/fonts/Poppins/Poppins-Regular.ttf"; sourceTree = "<group>"; };
		C5EB12A722244FCBA4CE50EE /* Poppins-Black.ttf */ = {isa = PBXFileReference; explicitFileType = undefined; fileEncoding = undefined; includeInIndex = 0; lastKnownFileType = unknown; name = "Poppins-Black.ttf"; path = "../android/assets/fonts/Poppins/Poppins-Black.ttf"; sourceTree = "<group>"; };
		CFA90D33483947F792639D69 /* Poppins-Thin.ttf */ = {isa = PBXFileReference; explicitFileType = undefined; fileEncoding = undefined; includeInIndex = 0; lastKnownFileType = unknown; name = "Poppins-Thin.ttf"; path = "../android/assets/fonts/Poppins/Poppins-Thin.ttf"; sourceTree = "<group>"; };
		D1DA3116C13B45ED871FA3B2 /* Poppins-Italic.ttf */ = {isa = PBXFileReference; explicitFileType = undefined; fileEncoding = undefined; includeInIndex = 0; lastKnownFileType = unknown; name = "Poppins-Italic.ttf"; path = "../android/assets/fonts/Poppins/Poppins-Italic.ttf"; sourceTree = "<group>"; };
		E72EE5C96A2D47449AAB7283 /* Poppins-ExtraLightItalic.ttf */ = {isa = PBXFileReference; explicitFileType = undefined; fileEncoding = undefined; includeInIndex = 0; lastKnownFileType = unknown; name = "Poppins-ExtraLightItalic.ttf"; path = "../android/assets/fonts/Poppins/Poppins-ExtraLightItalic.ttf"; sourceTree = "<group>"; };
		ED297162215061F000B7C4FE /* JavaScriptCore.framework */ = {isa = PBXFileReference; lastKnownFileType = wrapper.framework; name = JavaScriptCore.framework; path = System/Library/Frameworks/JavaScriptCore.framework; sourceTree = SDKROOT; };
		EFC2F792C2154B64B887960D /* Poppins-ThinItalic.ttf */ = {isa = PBXFileReference; explicitFileType = undefined; fileEncoding = undefined; includeInIndex = 0; lastKnownFileType = unknown; name = "Poppins-ThinItalic.ttf"; path = "../android/assets/fonts/Poppins/Poppins-ThinItalic.ttf"; sourceTree = "<group>"; };
		486FCD3962CD443EB2800731 /* Inter-VariableFont_slnt,wght.ttf */ = {isa = PBXFileReference; name = "Inter-VariableFont_slnt,wght.ttf"; path = "../android/assets/fonts/Inter/Inter-VariableFont_slnt,wght.ttf"; sourceTree = "<group>"; fileEncoding = undefined; lastKnownFileType = unknown; explicitFileType = undefined; includeInIndex = 0; };
		DDE1C3A103154E06AFAAFD04 /* README.txt */ = {isa = PBXFileReference; name = "README.txt"; path = "../android/assets/fonts/Inter/README.txt"; sourceTree = "<group>"; fileEncoding = undefined; lastKnownFileType = unknown; explicitFileType = undefined; includeInIndex = 0; };
		B0788E25B186432E908FB99B /* Inter-Black.ttf */ = {isa = PBXFileReference; name = "Inter-Black.ttf"; path = "../android/assets/fonts/Inter/Inter-Black.ttf"; sourceTree = "<group>"; fileEncoding = undefined; lastKnownFileType = unknown; explicitFileType = undefined; includeInIndex = 0; };
		819E6A78D77D496494DA26B8 /* Inter-Bold.ttf */ = {isa = PBXFileReference; name = "Inter-Bold.ttf"; path = "../android/assets/fonts/Inter/Inter-Bold.ttf"; sourceTree = "<group>"; fileEncoding = undefined; lastKnownFileType = unknown; explicitFileType = undefined; includeInIndex = 0; };
		09A14ED039154706950F6921 /* Inter-ExtraBold.ttf */ = {isa = PBXFileReference; name = "Inter-ExtraBold.ttf"; path = "../android/assets/fonts/Inter/Inter-ExtraBold.ttf"; sourceTree = "<group>"; fileEncoding = undefined; lastKnownFileType = unknown; explicitFileType = undefined; includeInIndex = 0; };
		A5D651F472A4454785C72A34 /* Inter-ExtraLight.ttf */ = {isa = PBXFileReference; name = "Inter-ExtraLight.ttf"; path = "../android/assets/fonts/Inter/Inter-ExtraLight.ttf"; sourceTree = "<group>"; fileEncoding = undefined; lastKnownFileType = unknown; explicitFileType = undefined; includeInIndex = 0; };
		14C673A6AF4A41629940D346 /* Inter-Light.ttf */ = {isa = PBXFileReference; name = "Inter-Light.ttf"; path = "../android/assets/fonts/Inter/Inter-Light.ttf"; sourceTree = "<group>"; fileEncoding = undefined; lastKnownFileType = unknown; explicitFileType = undefined; includeInIndex = 0; };
		EE90EF5E3E5C4EEAA968D7C6 /* Inter-Medium.ttf */ = {isa = PBXFileReference; name = "Inter-Medium.ttf"; path = "../android/assets/fonts/Inter/Inter-Medium.ttf"; sourceTree = "<group>"; fileEncoding = undefined; lastKnownFileType = unknown; explicitFileType = undefined; includeInIndex = 0; };
		110F837BA35D45199B7542B8 /* Inter-Regular.ttf */ = {isa = PBXFileReference; name = "Inter-Regular.ttf"; path = "../android/assets/fonts/Inter/Inter-Regular.ttf"; sourceTree = "<group>"; fileEncoding = undefined; lastKnownFileType = unknown; explicitFileType = undefined; includeInIndex = 0; };
		225D37FD50E445B28E2636CC /* Inter-SemiBold.ttf */ = {isa = PBXFileReference; name = "Inter-SemiBold.ttf"; path = "../android/assets/fonts/Inter/Inter-SemiBold.ttf"; sourceTree = "<group>"; fileEncoding = undefined; lastKnownFileType = unknown; explicitFileType = undefined; includeInIndex = 0; };
		B703616FE3C94511BBBC84FC /* Inter-Thin.ttf */ = {isa = PBXFileReference; name = "Inter-Thin.ttf"; path = "../android/assets/fonts/Inter/Inter-Thin.ttf"; sourceTree = "<group>"; fileEncoding = undefined; lastKnownFileType = unknown; explicitFileType = undefined; includeInIndex = 0; };
/* End PBXFileReference section */

/* Begin PBXFrameworksBuildPhase section */
		00E356EB1AD99517003FC87E /* Frameworks */ = {
			isa = PBXFrameworksBuildPhase;
			buildActionMask = 2147483647;
			files = (
				7C12E0F7FA751D0BB20CF15C /* Pods_Festify_FestifyTests.framework in Frameworks */,
			);
			runOnlyForDeploymentPostprocessing = 0;
		};
		13B07F8C1A680F5B00A75B9A /* Frameworks */ = {
			isa = PBXFrameworksBuildPhase;
			buildActionMask = 2147483647;
			files = (
				B65CF088AC9034B579D70521 /* Pods_Festify.framework in Frameworks */,
			);
			runOnlyForDeploymentPostprocessing = 0;
		};
/* End PBXFrameworksBuildPhase section */

/* Begin PBXGroup section */
		00E356EF1AD99517003FC87E /* FestifyTests */ = {
			isa = PBXGroup;
			children = (
				00E356F21AD99517003FC87E /* FestifyTests.m */,
				00E356F01AD99517003FC87E /* Supporting Files */,
			);
			path = FestifyTests;
			sourceTree = "<group>";
		};
		00E356F01AD99517003FC87E /* Supporting Files */ = {
			isa = PBXGroup;
			children = (
				00E356F11AD99517003FC87E /* Info.plist */,
			);
			name = "Supporting Files";
			sourceTree = "<group>";
		};
		13B07FAE1A68108700A75B9A /* Festify */ = {
			isa = PBXGroup;
			children = (
				13B07FAF1A68108700A75B9A /* AppDelegate.h */,
				13B07FB01A68108700A75B9A /* AppDelegate.mm */,
				13B07FB51A68108700A75B9A /* Images.xcassets */,
				13B07FB61A68108700A75B9A /* Info.plist */,
				81AB9BB72411601600AC10FF /* LaunchScreen.storyboard */,
				13B07FB71A68108700A75B9A /* main.m */,
			);
			name = Festify;
			sourceTree = "<group>";
		};
		2D16E6871FA4F8E400B85C8A /* Frameworks */ = {
			isa = PBXGroup;
			children = (
				ED297162215061F000B7C4FE /* JavaScriptCore.framework */,
				279223C2F43A2DCF1DBCB35A /* Pods_Festify.framework */,
				64135FDA25926AC4104D7A2A /* Pods_Festify_FestifyTests.framework */,
			);
			name = Frameworks;
			sourceTree = "<group>";
		};
		3B80AEE12B3D9A190099805A /* Fonts */ = {
			isa = PBXGroup;
			children = (
				3B80AEE22B3D9A190099805A /* Fontisto.ttf */,
				3B80AEE32B3D9A190099805A /* Octicons.ttf */,
				3B80AEE42B3D9A190099805A /* Feather.ttf */,
				3B80AEE52B3D9A190099805A /* FontAwesome6_Regular.ttf */,
				3B80AEE62B3D9A190099805A /* Entypo.ttf */,
				3B80AEE72B3D9A190099805A /* FontAwesome5_Brands.ttf */,
				3B80AEE82B3D9A190099805A /* MaterialCommunityIcons.ttf */,
				3B80AEE92B3D9A190099805A /* AntDesign.ttf */,
				3B80AEEA2B3D9A190099805A /* Foundation.ttf */,
				3B80AEEB2B3D9A190099805A /* Ionicons.ttf */,
				3B80AEEC2B3D9A190099805A /* FontAwesome5_Solid.ttf */,
				3B80AEED2B3D9A190099805A /* FontAwesome5_Regular.ttf */,
				3B80AEEE2B3D9A190099805A /* FontAwesome.ttf */,
				3B80AEEF2B3D9A190099805A /* Zocial.ttf */,
				3B80AEF02B3D9A190099805A /* EvilIcons.ttf */,
				3B80AEF12B3D9A190099805A /* FontAwesome6_Solid.ttf */,
				3B80AEF22B3D9A190099805A /* SimpleLineIcons.ttf */,
				3B80AEF32B3D9A190099805A /* FontAwesome6_Brands.ttf */,
				3B80AEF42B3D9A190099805A /* MaterialIcons.ttf */,
			);
			path = Fonts;
			sourceTree = "<group>";
		};
		832341AE1AAA6A7D00B99B32 /* Libraries */ = {
			isa = PBXGroup;
			children = (
			);
			name = Libraries;
			sourceTree = "<group>";
		};
		83CBB9F61A601CBA00E9B192 = {
			isa = PBXGroup;
			children = (
				3B80AEE12B3D9A190099805A /* Fonts */,
				13B07FAE1A68108700A75B9A /* Festify */,
				832341AE1AAA6A7D00B99B32 /* Libraries */,
				00E356EF1AD99517003FC87E /* FestifyTests */,
				83CBBA001A601CBA00E9B192 /* Products */,
				2D16E6871FA4F8E400B85C8A /* Frameworks */,
				BBD78D7AC51CEA395F1C20DB /* Pods */,
				9514A066F05440CD97DBDCAB /* Resources */,
			);
			indentWidth = 2;
			sourceTree = "<group>";
			tabWidth = 2;
			usesTabs = 0;
		};
		83CBBA001A601CBA00E9B192 /* Products */ = {
			isa = PBXGroup;
			children = (
				13B07F961A680F5B00A75B9A /* Festify.app */,
				00E356EE1AD99517003FC87E /* FestifyTests.xctest */,
			);
			name = Products;
			sourceTree = "<group>";
		};
		9514A066F05440CD97DBDCAB /* Resources */ = {
			isa = PBXGroup;
			children = (
				C5EB12A722244FCBA4CE50EE /* Poppins-Black.ttf */,
				B67C23FE8DD346A88CD89E22 /* Poppins-BlackItalic.ttf */,
				7B317CA901494B92BE48FB4F /* Poppins-Bold.ttf */,
				832DC9B6F25E4F7EAEDA757D /* Poppins-BoldItalic.ttf */,
				01ABEE22E1BE49B589AB0746 /* Poppins-ExtraBold.ttf */,
				2DDBDF71CBA3477CBFEB0735 /* Poppins-ExtraBoldItalic.ttf */,
				35157BAACD064053A731ED79 /* Poppins-ExtraLight.ttf */,
				E72EE5C96A2D47449AAB7283 /* Poppins-ExtraLightItalic.ttf */,
				D1DA3116C13B45ED871FA3B2 /* Poppins-Italic.ttf */,
				9723905C4687420FADCEF9EA /* Poppins-Light.ttf */,
				82E781531984429588E3C7F0 /* Poppins-LightItalic.ttf */,
				4A15DCAEA17E4903BB02CDF0 /* Poppins-Medium.ttf */,
				17CD0B3DB5E34D5A84B305DB /* Poppins-MediumItalic.ttf */,
				C23ECA2888C74BFD9A4845E7 /* Poppins-Regular.ttf */,
				5DBADD50238148EF9FBC6905 /* Poppins-SemiBold.ttf */,
				7DC83530505E431A9DAADAE8 /* Poppins-SemiBoldItalic.ttf */,
				CFA90D33483947F792639D69 /* Poppins-Thin.ttf */,
				EFC2F792C2154B64B887960D /* Poppins-ThinItalic.ttf */,
				48396764E71C4B38A493CFB6 /* OFL.txt */,
				486FCD3962CD443EB2800731 /* Inter-VariableFont_slnt,wght.ttf */,
				DDE1C3A103154E06AFAAFD04 /* README.txt */,
				B0788E25B186432E908FB99B /* Inter-Black.ttf */,
				819E6A78D77D496494DA26B8 /* Inter-Bold.ttf */,
				09A14ED039154706950F6921 /* Inter-ExtraBold.ttf */,
				A5D651F472A4454785C72A34 /* Inter-ExtraLight.ttf */,
				14C673A6AF4A41629940D346 /* Inter-Light.ttf */,
				EE90EF5E3E5C4EEAA968D7C6 /* Inter-Medium.ttf */,
				110F837BA35D45199B7542B8 /* Inter-Regular.ttf */,
				225D37FD50E445B28E2636CC /* Inter-SemiBold.ttf */,
				B703616FE3C94511BBBC84FC /* Inter-Thin.ttf */,
			);
			name = Resources;
			path = "";
			sourceTree = "<group>";
		};
		BBD78D7AC51CEA395F1C20DB /* Pods */ = {
			isa = PBXGroup;
			children = (
				3B4392A12AC88292D35C810B /* Pods-Festify.debug.xcconfig */,
				5709B34CF0A7D63546082F79 /* Pods-Festify.release.xcconfig */,
				5B7EB9410499542E8C5724F5 /* Pods-Festify-FestifyTests.debug.xcconfig */,
				89C6BE57DB24E9ADA2F236DE /* Pods-Festify-FestifyTests.release.xcconfig */,
			);
			path = Pods;
			sourceTree = "<group>";
		};
/* End PBXGroup section */

/* Begin PBXNativeTarget section */
		00E356ED1AD99517003FC87E /* FestifyTests */ = {
			isa = PBXNativeTarget;
			buildConfigurationList = 00E357021AD99517003FC87E /* Build configuration list for PBXNativeTarget "FestifyTests" */;
			buildPhases = (
				A55EABD7B0C7F3A422A6CC61 /* [CP] Check Pods Manifest.lock */,
				00E356EA1AD99517003FC87E /* Sources */,
				00E356EB1AD99517003FC87E /* Frameworks */,
				00E356EC1AD99517003FC87E /* Resources */,
				C59DA0FBD6956966B86A3779 /* [CP] Embed Pods Frameworks */,
				F6A41C54EA430FDDC6A6ED99 /* [CP] Copy Pods Resources */,
			);
			buildRules = (
			);
			dependencies = (
				00E356F51AD99517003FC87E /* PBXTargetDependency */,
			);
			name = FestifyTests;
			productName = FestifyTests;
			productReference = 00E356EE1AD99517003FC87E /* FestifyTests.xctest */;
			productType = "com.apple.product-type.bundle.unit-test";
		};
		13B07F861A680F5B00A75B9A /* Festify */ = {
			isa = PBXNativeTarget;
			buildConfigurationList = 13B07F931A680F5B00A75B9A /* Build configuration list for PBXNativeTarget "Festify" */;
			buildPhases = (
				C38B50BA6285516D6DCD4F65 /* [CP] Check Pods Manifest.lock */,
				FD10A7F022414F080027D42C /* Start Packager */,
				13B07F871A680F5B00A75B9A /* Sources */,
				13B07F8C1A680F5B00A75B9A /* Frameworks */,
				13B07F8E1A680F5B00A75B9A /* Resources */,
				00DD1BFF1BD5951E006B06BC /* Bundle React Native code and images */,
				00EEFC60759A1932668264C0 /* [CP] Embed Pods Frameworks */,
				E235C05ADACE081382539298 /* [CP] Copy Pods Resources */,
				3CE6A9A61B281AC0274B2AB8 /* [CP-User] [RNFB] Core Configuration */,
			);
			buildRules = (
			);
			dependencies = (
			);
			name = Festify;
			productName = Festify;
			productReference = 13B07F961A680F5B00A75B9A /* Festify.app */;
			productType = "com.apple.product-type.application";
		};
/* End PBXNativeTarget section */

/* Begin PBXProject section */
		83CBB9F71A601CBA00E9B192 /* Project object */ = {
			isa = PBXProject;
			attributes = {
				LastUpgradeCheck = 1210;
				TargetAttributes = {
					00E356ED1AD99517003FC87E = {
						CreatedOnToolsVersion = 6.2;
						TestTargetID = 13B07F861A680F5B00A75B9A;
					};
					13B07F861A680F5B00A75B9A = {
						LastSwiftMigration = 1120;
					};
				};
			};
			buildConfigurationList = 83CBB9FA1A601CBA00E9B192 /* Build configuration list for PBXProject "Festify" */;
			compatibilityVersion = "Xcode 12.0";
			developmentRegion = en;
			hasScannedForEncodings = 0;
			knownRegions = (
				en,
				Base,
			);
			mainGroup = 83CBB9F61A601CBA00E9B192;
			productRefGroup = 83CBBA001A601CBA00E9B192 /* Products */;
			projectDirPath = "";
			projectRoot = "";
			targets = (
				13B07F861A680F5B00A75B9A /* Festify */,
				00E356ED1AD99517003FC87E /* FestifyTests */,
			);
		};
/* End PBXProject section */

/* Begin PBXResourcesBuildPhase section */
		00E356EC1AD99517003FC87E /* Resources */ = {
			isa = PBXResourcesBuildPhase;
			buildActionMask = 2147483647;
			files = (
				3B80AF082B3D9A190099805A /* Ionicons.ttf in Resources */,
				3B80AF0E2B3D9A190099805A /* FontAwesome.ttf in Resources */,
				3B80AEF82B3D9A190099805A /* Octicons.ttf in Resources */,
				3B80AF022B3D9A190099805A /* MaterialCommunityIcons.ttf in Resources */,
				3B80AF1A2B3D9A190099805A /* MaterialIcons.ttf in Resources */,
				3B80AEF62B3D9A190099805A /* Fontisto.ttf in Resources */,
				3B80AF062B3D9A190099805A /* Foundation.ttf in Resources */,
				3B80AF102B3D9A190099805A /* Zocial.ttf in Resources */,
				3B80AEFA2B3D9A190099805A /* Feather.ttf in Resources */,
				3B80AF0C2B3D9A190099805A /* FontAwesome5_Regular.ttf in Resources */,
				3B80AF162B3D9A190099805A /* SimpleLineIcons.ttf in Resources */,
				3B80AF002B3D9A190099805A /* FontAwesome5_Brands.ttf in Resources */,
				3B80AF142B3D9A190099805A /* FontAwesome6_Solid.ttf in Resources */,
				3B80AEFE2B3D9A190099805A /* Entypo.ttf in Resources */,
				3B80AF042B3D9A190099805A /* AntDesign.ttf in Resources */,
				3B80AF0A2B3D9A190099805A /* FontAwesome5_Solid.ttf in Resources */,
				3B80AF122B3D9A190099805A /* EvilIcons.ttf in Resources */,
				3B80AF182B3D9A190099805A /* FontAwesome6_Brands.ttf in Resources */,
				3B80AEFC2B3D9A190099805A /* FontAwesome6_Regular.ttf in Resources */,
			);
			runOnlyForDeploymentPostprocessing = 0;
		};
		13B07F8E1A680F5B00A75B9A /* Resources */ = {
			isa = PBXResourcesBuildPhase;
			buildActionMask = 2147483647;
			files = (
				3B80AF0B2B3D9A190099805A /* FontAwesome5_Regular.ttf in Resources */,
				3B80AEF52B3D9A190099805A /* Fontisto.ttf in Resources */,
				3B80AEFF2B3D9A190099805A /* FontAwesome5_Brands.ttf in Resources */,
				3B80AF072B3D9A190099805A /* Ionicons.ttf in Resources */,
				3B80AF092B3D9A190099805A /* FontAwesome5_Solid.ttf in Resources */,
				3B80AEFD2B3D9A190099805A /* Entypo.ttf in Resources */,
				81AB9BB82411601600AC10FF /* LaunchScreen.storyboard in Resources */,
				3B80AF032B3D9A190099805A /* AntDesign.ttf in Resources */,
				3B80AF0F2B3D9A190099805A /* Zocial.ttf in Resources */,
				3B80AF052B3D9A190099805A /* Foundation.ttf in Resources */,
				3B80AF172B3D9A190099805A /* FontAwesome6_Brands.ttf in Resources */,
				3B80AEF92B3D9A190099805A /* Feather.ttf in Resources */,
				3B80AF152B3D9A190099805A /* SimpleLineIcons.ttf in Resources */,
				3B80AF112B3D9A190099805A /* EvilIcons.ttf in Resources */,
				3B80AEF72B3D9A190099805A /* Octicons.ttf in Resources */,
				3B80AF0D2B3D9A190099805A /* FontAwesome.ttf in Resources */,
				13B07FBF1A68108700A75B9A /* Images.xcassets in Resources */,
				3B80AF012B3D9A190099805A /* MaterialCommunityIcons.ttf in Resources */,
				3B80AF132B3D9A190099805A /* FontAwesome6_Solid.ttf in Resources */,
				3B80AEFB2B3D9A190099805A /* FontAwesome6_Regular.ttf in Resources */,
				3B80AF192B3D9A190099805A /* MaterialIcons.ttf in Resources */,
				7D8B51A1D79E4840813A347C /* Poppins-Black.ttf in Resources */,
				A9340D5EE58D4097BB247BEA /* Poppins-BlackItalic.ttf in Resources */,
				328E9DB87EC14DBB8963BEF1 /* Poppins-Bold.ttf in Resources */,
				5E5AF57E97A74349A8875F83 /* Poppins-BoldItalic.ttf in Resources */,
				C1AB5D13B9054E3D8FDC9823 /* Poppins-ExtraBold.ttf in Resources */,
				54315FE86A7C42E19077F30F /* Poppins-ExtraBoldItalic.ttf in Resources */,
				663F30476A4E42CF93A6387A /* Poppins-ExtraLight.ttf in Resources */,
				77B0B99A1DC54EF2A043108B /* Poppins-ExtraLightItalic.ttf in Resources */,
				3138B37AF43A4F769F1789ED /* Poppins-Italic.ttf in Resources */,
				A88FE55820894CAAAC070FDD /* Poppins-Light.ttf in Resources */,
				A31A3F952F63471C9FA8DB58 /* Poppins-LightItalic.ttf in Resources */,
				627385C6C45241E1BE8C571B /* Poppins-Medium.ttf in Resources */,
				6FA1446C72684BAB9CDAC287 /* Poppins-MediumItalic.ttf in Resources */,
				7865113FD2224879BA36E19D /* Poppins-Regular.ttf in Resources */,
				951C26CD4DE5471BB591F5F2 /* Poppins-SemiBold.ttf in Resources */,
				E56187FDEAFC4C8EBC2A7190 /* Poppins-SemiBoldItalic.ttf in Resources */,
				802D3BCCA5BB486E9D2B6A3B /* Poppins-Thin.ttf in Resources */,
				AD86005E021A4A3895EFF4E3 /* Poppins-ThinItalic.ttf in Resources */,
				9CABF2E41E1B454AA8BEBA00 /* OFL.txt in Resources */,
				06549B93911C4E2A8AD505A5 /* Inter-VariableFont_slnt,wght.ttf in Resources */,
				1A61F87E4024410A896E417A /* README.txt in Resources */,
				09E7AC42132848119E2110DD /* Inter-Black.ttf in Resources */,
				AB967610E8F245EE9994B415 /* Inter-Bold.ttf in Resources */,
				75A28D84866548C08C779AA8 /* Inter-ExtraBold.ttf in Resources */,
				43752E662B0F4470B884EDCB /* Inter-ExtraLight.ttf in Resources */,
				3002F59A6D60423684A007C7 /* Inter-Light.ttf in Resources */,
				81241E323BEF453ABF521146 /* Inter-Medium.ttf in Resources */,
				8C28D86691294CEAAFF6C99A /* Inter-Regular.ttf in Resources */,
				3CFCC5B0BD0E4C038D82CEE9 /* Inter-SemiBold.ttf in Resources */,
				FED830EDAF4A45B58396F4F4 /* Inter-Thin.ttf in Resources */,
			);
			runOnlyForDeploymentPostprocessing = 0;
		};
/* End PBXResourcesBuildPhase section */

/* Begin PBXShellScriptBuildPhase section */
		00DD1BFF1BD5951E006B06BC /* Bundle React Native code and images */ = {
			isa = PBXShellScriptBuildPhase;
			buildActionMask = 2147483647;
			files = (
			);
			inputPaths = (
				"$(SRCROOT)/.xcode.env.local",
				"$(SRCROOT)/.xcode.env",
			);
			name = "Bundle React Native code and images";
			outputPaths = (
			);
			runOnlyForDeploymentPostprocessing = 0;
			shellPath = /bin/sh;
			shellScript = "set -e\n\nWITH_ENVIRONMENT=\"../node_modules/react-native/scripts/xcode/with-environment.sh\"\nREACT_NATIVE_XCODE=\"../node_modules/react-native/scripts/react-native-xcode.sh\"\n\n/bin/sh -c \"$WITH_ENVIRONMENT $REACT_NATIVE_XCODE\"\n";
		};
		00EEFC60759A1932668264C0 /* [CP] Embed Pods Frameworks */ = {
			isa = PBXShellScriptBuildPhase;
			buildActionMask = 2147483647;
			files = (
			);
			inputFileListPaths = (
				"${PODS_ROOT}/Target Support Files/Pods-Festify/Pods-Festify-frameworks-${CONFIGURATION}-input-files.xcfilelist",
			);
			name = "[CP] Embed Pods Frameworks";
			outputFileListPaths = (
				"${PODS_ROOT}/Target Support Files/Pods-Festify/Pods-Festify-frameworks-${CONFIGURATION}-output-files.xcfilelist",
			);
			runOnlyForDeploymentPostprocessing = 0;
			shellPath = /bin/sh;
			shellScript = "\"${PODS_ROOT}/Target Support Files/Pods-Festify/Pods-Festify-frameworks.sh\"\n";
			showEnvVarsInLog = 0;
		};
		3CE6A9A61B281AC0274B2AB8 /* [CP-User] [RNFB] Core Configuration */ = {
			isa = PBXShellScriptBuildPhase;
			buildActionMask = 2147483647;
			files = (
			);
			inputPaths = (
				"$(BUILT_PRODUCTS_DIR)/$(INFOPLIST_PATH)",
			);
			name = "[CP-User] [RNFB] Core Configuration";
			runOnlyForDeploymentPostprocessing = 0;
			shellPath = /bin/sh;
			shellScript = "#!/usr/bin/env bash\n#\n# Copyright (c) 2016-present Invertase Limited & Contributors\n#\n# Licensed under the Apache License, Version 2.0 (the \"License\");\n# you may not use this library except in compliance with the License.\n# You may obtain a copy of the License at\n#\n#   http://www.apache.org/licenses/LICENSE-2.0\n#\n# Unless required by applicable law or agreed to in writing, software\n# distributed under the License is distributed on an \"AS IS\" BASIS,\n# WITHOUT WARRANTIES OR CONDITIONS OF ANY KIND, either express or implied.\n# See the License for the specific language governing permissions and\n# limitations under the License.\n#\nset -e\n\n_MAX_LOOKUPS=2;\n_SEARCH_RESULT=''\n_RN_ROOT_EXISTS=''\n_CURRENT_LOOKUPS=1\n_JSON_ROOT=\"'react-native'\"\n_JSON_FILE_NAME='firebase.json'\n_JSON_OUTPUT_BASE64='e30=' # { }\n_CURRENT_SEARCH_DIR=${PROJECT_DIR}\n_PLIST_BUDDY=/usr/libexec/PlistBuddy\n_TARGET_PLIST=\"${BUILT_PRODUCTS_DIR}/${INFOPLIST_PATH}\"\n_DSYM_PLIST=\"${DWARF_DSYM_FOLDER_PATH}/${DWARF_DSYM_FILE_NAME}/Contents/Info.plist\"\n\n# plist arrays\n_PLIST_ENTRY_KEYS=()\n_PLIST_ENTRY_TYPES=()\n_PLIST_ENTRY_VALUES=()\n\nfunction setPlistValue {\n  echo \"info:      setting plist entry '$1' of type '$2' in file '$4'\"\n  ${_PLIST_BUDDY} -c \"Add :$1 $2 '$3'\" $4 || echo \"info:      '$1' already exists\"\n}\n\nfunction getFirebaseJsonKeyValue () {\n  if [[ ${_RN_ROOT_EXISTS} ]]; then\n    ruby -Ku -e \"require 'rubygems';require 'json'; output=JSON.parse('$1'); puts output[$_JSON_ROOT]['$2']\"\n  else\n    echo \"\"\n  fi;\n}\n\nfunction jsonBoolToYesNo () {\n  if [[ $1 == \"false\" ]]; then\n    echo \"NO\"\n  elif [[ $1 == \"true\" ]]; then\n    echo \"YES\"\n  else echo \"NO\"\n  fi\n}\n\necho \"info: -> RNFB build script started\"\necho \"info: 1) Locating ${_JSON_FILE_NAME} file:\"\n\nif [[ -z ${_CURRENT_SEARCH_DIR} ]]; then\n  _CURRENT_SEARCH_DIR=$(pwd)\nfi;\n\nwhile true; do\n  _CURRENT_SEARCH_DIR=$(dirname \"$_CURRENT_SEARCH_DIR\")\n  if [[ \"$_CURRENT_SEARCH_DIR\" == \"/\" ]] || [[ ${_CURRENT_LOOKUPS} -gt ${_MAX_LOOKUPS} ]]; then break; fi;\n  echo \"info:      ($_CURRENT_LOOKUPS of $_MAX_LOOKUPS) Searching in '$_CURRENT_SEARCH_DIR' for a ${_JSON_FILE_NAME} file.\"\n  _SEARCH_RESULT=$(find \"$_CURRENT_SEARCH_DIR\" -maxdepth 2 -name ${_JSON_FILE_NAME} -print | /usr/bin/head -n 1)\n  if [[ ${_SEARCH_RESULT} ]]; then\n    echo \"info:      ${_JSON_FILE_NAME} found at $_SEARCH_RESULT\"\n    break;\n  fi;\n  _CURRENT_LOOKUPS=$((_CURRENT_LOOKUPS+1))\ndone\n\nif [[ ${_SEARCH_RESULT} ]]; then\n  _JSON_OUTPUT_RAW=$(cat \"${_SEARCH_RESULT}\")\n  _RN_ROOT_EXISTS=$(ruby -Ku -e \"require 'rubygems';require 'json'; output=JSON.parse('$_JSON_OUTPUT_RAW'); puts output[$_JSON_ROOT]\" || echo '')\n\n  if [[ ${_RN_ROOT_EXISTS} ]]; then\n    if ! python3 --version >/dev/null 2>&1; then echo \"python3 not found, firebase.json file processing error.\" && exit 1; fi\n    _JSON_OUTPUT_BASE64=$(python3 -c 'import json,sys,base64;print(base64.b64encode(bytes(json.dumps(json.loads(open('\"'${_SEARCH_RESULT}'\"', '\"'rb'\"').read())['${_JSON_ROOT}']), '\"'utf-8'\"')).decode())' || echo \"e30=\")\n  fi\n\n  _PLIST_ENTRY_KEYS+=(\"firebase_json_raw\")\n  _PLIST_ENTRY_TYPES+=(\"string\")\n  _PLIST_ENTRY_VALUES+=(\"$_JSON_OUTPUT_BASE64\")\n\n  # config.app_data_collection_default_enabled\n  _APP_DATA_COLLECTION_ENABLED=$(getFirebaseJsonKeyValue \"$_JSON_OUTPUT_RAW\" \"app_data_collection_default_enabled\")\n  if [[ $_APP_DATA_COLLECTION_ENABLED ]]; then\n    _PLIST_ENTRY_KEYS+=(\"FirebaseDataCollectionDefaultEnabled\")\n    _PLIST_ENTRY_TYPES+=(\"bool\")\n    _PLIST_ENTRY_VALUES+=(\"$(jsonBoolToYesNo \"$_APP_DATA_COLLECTION_ENABLED\")\")\n  fi\n\n  # config.analytics_auto_collection_enabled\n  _ANALYTICS_AUTO_COLLECTION=$(getFirebaseJsonKeyValue \"$_JSON_OUTPUT_RAW\" \"analytics_auto_collection_enabled\")\n  if [[ $_ANALYTICS_AUTO_COLLECTION ]]; then\n    _PLIST_ENTRY_KEYS+=(\"FIREBASE_ANALYTICS_COLLECTION_ENABLED\")\n    _PLIST_ENTRY_TYPES+=(\"bool\")\n    _PLIST_ENTRY_VALUES+=(\"$(jsonBoolToYesNo \"$_ANALYTICS_AUTO_COLLECTION\")\")\n  fi\n\n  # config.analytics_collection_deactivated\n  _ANALYTICS_DEACTIVATED=$(getFirebaseJsonKeyValue \"$_JSON_OUTPUT_RAW\" \"analytics_collection_deactivated\")\n  if [[ $_ANALYTICS_DEACTIVATED ]]; then\n    _PLIST_ENTRY_KEYS+=(\"FIREBASE_ANALYTICS_COLLECTION_DEACTIVATED\")\n    _PLIST_ENTRY_TYPES+=(\"bool\")\n    _PLIST_ENTRY_VALUES+=(\"$(jsonBoolToYesNo \"$_ANALYTICS_DEACTIVATED\")\")\n  fi\n\n  # config.analytics_idfv_collection_enabled\n  _ANALYTICS_IDFV_COLLECTION=$(getFirebaseJsonKeyValue \"$_JSON_OUTPUT_RAW\" \"analytics_idfv_collection_enabled\")\n  if [[ $_ANALYTICS_IDFV_COLLECTION ]]; then\n    _PLIST_ENTRY_KEYS+=(\"GOOGLE_ANALYTICS_IDFV_COLLECTION_ENABLED\")\n    _PLIST_ENTRY_TYPES+=(\"bool\")\n    _PLIST_ENTRY_VALUES+=(\"$(jsonBoolToYesNo \"$_ANALYTICS_IDFV_COLLECTION\")\")\n  fi\n\n  # config.analytics_default_allow_ad_personalization_signals\n  _ANALYTICS_PERSONALIZATION=$(getFirebaseJsonKeyValue \"$_JSON_OUTPUT_RAW\" \"analytics_default_allow_ad_personalization_signals\")\n  if [[ $_ANALYTICS_PERSONALIZATION ]]; then\n    _PLIST_ENTRY_KEYS+=(\"GOOGLE_ANALYTICS_DEFAULT_ALLOW_AD_PERSONALIZATION_SIGNALS\")\n    _PLIST_ENTRY_TYPES+=(\"bool\")\n    _PLIST_ENTRY_VALUES+=(\"$(jsonBoolToYesNo \"$_ANALYTICS_PERSONALIZATION\")\")\n  fi\n\n  # config.analytics_registration_with_ad_network_enabled\n  _ANALYTICS_REGISTRATION_WITH_AD_NETWORK=$(getFirebaseJsonKeyValue \"$_JSON_OUTPUT_RAW\" \"google_analytics_registration_with_ad_network_enabled\")\n  if [[ $_ANALYTICS_REGISTRATION_WITH_AD_NETWORK ]]; then\n    _PLIST_ENTRY_KEYS+=(\"GOOGLE_ANALYTICS_REGISTRATION_WITH_AD_NETWORK_ENABLED\")\n    _PLIST_ENTRY_TYPES+=(\"bool\")\n    _PLIST_ENTRY_VALUES+=(\"$(jsonBoolToYesNo \"$_ANALYTICS_REGISTRATION_WITH_AD_NETWORK\")\")\n  fi\n\n  # config.google_analytics_automatic_screen_reporting_enabled\n  _ANALYTICS_AUTO_SCREEN_REPORTING=$(getFirebaseJsonKeyValue \"$_JSON_OUTPUT_RAW\" \"google_analytics_automatic_screen_reporting_enabled\")\n  if [[ $_ANALYTICS_AUTO_SCREEN_REPORTING ]]; then\n    _PLIST_ENTRY_KEYS+=(\"FirebaseAutomaticScreenReportingEnabled\")\n    _PLIST_ENTRY_TYPES+=(\"bool\")\n    _PLIST_ENTRY_VALUES+=(\"$(jsonBoolToYesNo \"$_ANALYTICS_AUTO_SCREEN_REPORTING\")\")\n  fi\n\n  # config.perf_auto_collection_enabled\n  _PERF_AUTO_COLLECTION=$(getFirebaseJsonKeyValue \"$_JSON_OUTPUT_RAW\" \"perf_auto_collection_enabled\")\n  if [[ $_PERF_AUTO_COLLECTION ]]; then\n    _PLIST_ENTRY_KEYS+=(\"firebase_performance_collection_enabled\")\n    _PLIST_ENTRY_TYPES+=(\"bool\")\n    _PLIST_ENTRY_VALUES+=(\"$(jsonBoolToYesNo \"$_PERF_AUTO_COLLECTION\")\")\n  fi\n\n  # config.perf_collection_deactivated\n  _PERF_DEACTIVATED=$(getFirebaseJsonKeyValue \"$_JSON_OUTPUT_RAW\" \"perf_collection_deactivated\")\n  if [[ $_PERF_DEACTIVATED ]]; then\n    _PLIST_ENTRY_KEYS+=(\"firebase_performance_collection_deactivated\")\n    _PLIST_ENTRY_TYPES+=(\"bool\")\n    _PLIST_ENTRY_VALUES+=(\"$(jsonBoolToYesNo \"$_PERF_DEACTIVATED\")\")\n  fi\n\n  # config.messaging_auto_init_enabled\n  _MESSAGING_AUTO_INIT=$(getFirebaseJsonKeyValue \"$_JSON_OUTPUT_RAW\" \"messaging_auto_init_enabled\")\n  if [[ $_MESSAGING_AUTO_INIT ]]; then\n    _PLIST_ENTRY_KEYS+=(\"FirebaseMessagingAutoInitEnabled\")\n    _PLIST_ENTRY_TYPES+=(\"bool\")\n    _PLIST_ENTRY_VALUES+=(\"$(jsonBoolToYesNo \"$_MESSAGING_AUTO_INIT\")\")\n  fi\n\n  # config.in_app_messaging_auto_colllection_enabled\n  _FIAM_AUTO_INIT=$(getFirebaseJsonKeyValue \"$_JSON_OUTPUT_RAW\" \"in_app_messaging_auto_collection_enabled\")\n  if [[ $_FIAM_AUTO_INIT ]]; then\n    _PLIST_ENTRY_KEYS+=(\"FirebaseInAppMessagingAutomaticDataCollectionEnabled\")\n    _PLIST_ENTRY_TYPES+=(\"bool\")\n    _PLIST_ENTRY_VALUES+=(\"$(jsonBoolToYesNo \"$_FIAM_AUTO_INIT\")\")\n  fi\n\n  # config.app_check_token_auto_refresh\n  _APP_CHECK_TOKEN_AUTO_REFRESH=$(getFirebaseJsonKeyValue \"$_JSON_OUTPUT_RAW\" \"app_check_token_auto_refresh\")\n  if [[ $_APP_CHECK_TOKEN_AUTO_REFRESH ]]; then\n    _PLIST_ENTRY_KEYS+=(\"FirebaseAppCheckTokenAutoRefreshEnabled\")\n    _PLIST_ENTRY_TYPES+=(\"bool\")\n    _PLIST_ENTRY_VALUES+=(\"$(jsonBoolToYesNo \"$_APP_CHECK_TOKEN_AUTO_REFRESH\")\")\n  fi\n\n  # config.crashlytics_disable_auto_disabler - undocumented for now - mainly for debugging, document if becomes useful\n  _CRASHLYTICS_AUTO_DISABLE_ENABLED=$(getFirebaseJsonKeyValue \"$_JSON_OUTPUT_RAW\" \"crashlytics_disable_auto_disabler\")\n  if [[ $_CRASHLYTICS_AUTO_DISABLE_ENABLED == \"true\" ]]; then\n    echo \"Disabled Crashlytics auto disabler.\" # do nothing\n  else\n    _PLIST_ENTRY_KEYS+=(\"FirebaseCrashlyticsCollectionEnabled\")\n    _PLIST_ENTRY_TYPES+=(\"bool\")\n    _PLIST_ENTRY_VALUES+=(\"NO\")\n  fi\nelse\n  _PLIST_ENTRY_KEYS+=(\"firebase_json_raw\")\n  _PLIST_ENTRY_TYPES+=(\"string\")\n  _PLIST_ENTRY_VALUES+=(\"$_JSON_OUTPUT_BASE64\")\n  echo \"warning:   A firebase.json file was not found, whilst this file is optional it is recommended to include it to configure firebase services in React Native Firebase.\"\nfi;\n\necho \"info: 2) Injecting Info.plist entries: \"\n\n# Log out the keys we're adding\nfor i in \"${!_PLIST_ENTRY_KEYS[@]}\"; do\n  echo \"    ->  $i) ${_PLIST_ENTRY_KEYS[$i]}\" \"${_PLIST_ENTRY_TYPES[$i]}\" \"${_PLIST_ENTRY_VALUES[$i]}\"\ndone\n\nfor plist in \"${_TARGET_PLIST}\" \"${_DSYM_PLIST}\" ; do\n  if [[ -f \"${plist}\" ]]; then\n\n    # paths with spaces break the call to setPlistValue. temporarily modify\n    # the shell internal field separator variable (IFS), which normally\n    # includes spaces, to consist only of line breaks\n    oldifs=$IFS\n    IFS=\"\n\"\n\n    for i in \"${!_PLIST_ENTRY_KEYS[@]}\"; do\n      setPlistValue \"${_PLIST_ENTRY_KEYS[$i]}\" \"${_PLIST_ENTRY_TYPES[$i]}\" \"${_PLIST_ENTRY_VALUES[$i]}\" \"${plist}\"\n    done\n\n    # restore the original internal field separator value\n    IFS=$oldifs\n  else\n    echo \"warning:   A Info.plist build output file was not found (${plist})\"\n  fi\ndone\n\necho \"info: <- RNFB build script finished\"\n";
		};
		A55EABD7B0C7F3A422A6CC61 /* [CP] Check Pods Manifest.lock */ = {
			isa = PBXShellScriptBuildPhase;
			buildActionMask = 2147483647;
			files = (
			);
			inputFileListPaths = (
			);
			inputPaths = (
				"${PODS_PODFILE_DIR_PATH}/Podfile.lock",
				"${PODS_ROOT}/Manifest.lock",
			);
			name = "[CP] Check Pods Manifest.lock";
			outputFileListPaths = (
			);
			outputPaths = (
				"$(DERIVED_FILE_DIR)/Pods-Festify-FestifyTests-checkManifestLockResult.txt",
			);
			runOnlyForDeploymentPostprocessing = 0;
			shellPath = /bin/sh;
			shellScript = "diff \"${PODS_PODFILE_DIR_PATH}/Podfile.lock\" \"${PODS_ROOT}/Manifest.lock\" > /dev/null\nif [ $? != 0 ] ; then\n    # print error to STDERR\n    echo \"error: The sandbox is not in sync with the Podfile.lock. Run 'pod install' or update your CocoaPods installation.\" >&2\n    exit 1\nfi\n# This output is used by Xcode 'outputs' to avoid re-running this script phase.\necho \"SUCCESS\" > \"${SCRIPT_OUTPUT_FILE_0}\"\n";
			showEnvVarsInLog = 0;
		};
		C38B50BA6285516D6DCD4F65 /* [CP] Check Pods Manifest.lock */ = {
			isa = PBXShellScriptBuildPhase;
			buildActionMask = 2147483647;
			files = (
			);
			inputFileListPaths = (
			);
			inputPaths = (
				"${PODS_PODFILE_DIR_PATH}/Podfile.lock",
				"${PODS_ROOT}/Manifest.lock",
			);
			name = "[CP] Check Pods Manifest.lock";
			outputFileListPaths = (
			);
			outputPaths = (
				"$(DERIVED_FILE_DIR)/Pods-Festify-checkManifestLockResult.txt",
			);
			runOnlyForDeploymentPostprocessing = 0;
			shellPath = /bin/sh;
			shellScript = "diff \"${PODS_PODFILE_DIR_PATH}/Podfile.lock\" \"${PODS_ROOT}/Manifest.lock\" > /dev/null\nif [ $? != 0 ] ; then\n    # print error to STDERR\n    echo \"error: The sandbox is not in sync with the Podfile.lock. Run 'pod install' or update your CocoaPods installation.\" >&2\n    exit 1\nfi\n# This output is used by Xcode 'outputs' to avoid re-running this script phase.\necho \"SUCCESS\" > \"${SCRIPT_OUTPUT_FILE_0}\"\n";
			showEnvVarsInLog = 0;
		};
		C59DA0FBD6956966B86A3779 /* [CP] Embed Pods Frameworks */ = {
			isa = PBXShellScriptBuildPhase;
			buildActionMask = 2147483647;
			files = (
			);
			inputFileListPaths = (
				"${PODS_ROOT}/Target Support Files/Pods-Festify-FestifyTests/Pods-Festify-FestifyTests-frameworks-${CONFIGURATION}-input-files.xcfilelist",
			);
			name = "[CP] Embed Pods Frameworks";
			outputFileListPaths = (
				"${PODS_ROOT}/Target Support Files/Pods-Festify-FestifyTests/Pods-Festify-FestifyTests-frameworks-${CONFIGURATION}-output-files.xcfilelist",
			);
			runOnlyForDeploymentPostprocessing = 0;
			shellPath = /bin/sh;
			shellScript = "\"${PODS_ROOT}/Target Support Files/Pods-Festify-FestifyTests/Pods-Festify-FestifyTests-frameworks.sh\"\n";
			showEnvVarsInLog = 0;
		};
		E235C05ADACE081382539298 /* [CP] Copy Pods Resources */ = {
			isa = PBXShellScriptBuildPhase;
			buildActionMask = 2147483647;
			files = (
			);
			inputFileListPaths = (
				"${PODS_ROOT}/Target Support Files/Pods-Festify/Pods-Festify-resources-${CONFIGURATION}-input-files.xcfilelist",
			);
			name = "[CP] Copy Pods Resources";
			outputFileListPaths = (
				"${PODS_ROOT}/Target Support Files/Pods-Festify/Pods-Festify-resources-${CONFIGURATION}-output-files.xcfilelist",
			);
			runOnlyForDeploymentPostprocessing = 0;
			shellPath = /bin/sh;
			shellScript = "\"${PODS_ROOT}/Target Support Files/Pods-Festify/Pods-Festify-resources.sh\"\n";
			showEnvVarsInLog = 0;
		};
		F6A41C54EA430FDDC6A6ED99 /* [CP] Copy Pods Resources */ = {
			isa = PBXShellScriptBuildPhase;
			buildActionMask = 2147483647;
			files = (
			);
			inputFileListPaths = (
				"${PODS_ROOT}/Target Support Files/Pods-Festify-FestifyTests/Pods-Festify-FestifyTests-resources-${CONFIGURATION}-input-files.xcfilelist",
			);
			name = "[CP] Copy Pods Resources";
			outputFileListPaths = (
				"${PODS_ROOT}/Target Support Files/Pods-Festify-FestifyTests/Pods-Festify-FestifyTests-resources-${CONFIGURATION}-output-files.xcfilelist",
			);
			runOnlyForDeploymentPostprocessing = 0;
			shellPath = /bin/sh;
			shellScript = "\"${PODS_ROOT}/Target Support Files/Pods-Festify-FestifyTests/Pods-Festify-FestifyTests-resources.sh\"\n";
			showEnvVarsInLog = 0;
		};
		FD10A7F022414F080027D42C /* Start Packager */ = {
			isa = PBXShellScriptBuildPhase;
			buildActionMask = 2147483647;
			files = (
			);
			inputFileListPaths = (
			);
			inputPaths = (
			);
			name = "Start Packager";
			outputFileListPaths = (
			);
			outputPaths = (
			);
			runOnlyForDeploymentPostprocessing = 0;
			shellPath = /bin/sh;
			shellScript = "export RCT_METRO_PORT=\"${RCT_METRO_PORT:=8081}\"\necho \"export RCT_METRO_PORT=${RCT_METRO_PORT}\" > \"${SRCROOT}/../node_modules/react-native/scripts/.packager.env\"\nif [ -z \"${RCT_NO_LAUNCH_PACKAGER+xxx}\" ] ; then\n  if nc -w 5 -z localhost ${RCT_METRO_PORT} ; then\n    if ! curl -s \"http://localhost:${RCT_METRO_PORT}/status\" | grep -q \"packager-status:running\" ; then\n      echo \"Port ${RCT_METRO_PORT} already in use, packager is either not running or not running correctly\"\n      exit 2\n    fi\n  else\n    open \"$SRCROOT/../node_modules/react-native/scripts/launchPackager.command\" || echo \"Can't start packager automatically\"\n  fi\nfi\n";
			showEnvVarsInLog = 0;
		};
/* End PBXShellScriptBuildPhase section */

/* Begin PBXSourcesBuildPhase section */
		00E356EA1AD99517003FC87E /* Sources */ = {
			isa = PBXSourcesBuildPhase;
			buildActionMask = 2147483647;
			files = (
				00E356F31AD99517003FC87E /* FestifyTests.m in Sources */,
			);
			runOnlyForDeploymentPostprocessing = 0;
		};
		13B07F871A680F5B00A75B9A /* Sources */ = {
			isa = PBXSourcesBuildPhase;
			buildActionMask = 2147483647;
			files = (
				13B07FBC1A68108700A75B9A /* AppDelegate.mm in Sources */,
				13B07FC11A68108700A75B9A /* main.m in Sources */,
			);
			runOnlyForDeploymentPostprocessing = 0;
		};
/* End PBXSourcesBuildPhase section */

/* Begin PBXTargetDependency section */
		00E356F51AD99517003FC87E /* PBXTargetDependency */ = {
			isa = PBXTargetDependency;
			target = 13B07F861A680F5B00A75B9A /* Festify */;
			targetProxy = 00E356F41AD99517003FC87E /* PBXContainerItemProxy */;
		};
/* End PBXTargetDependency section */

/* Begin XCBuildConfiguration section */
		00E356F61AD99517003FC87E /* Debug */ = {
			isa = XCBuildConfiguration;
			baseConfigurationReference = 5B7EB9410499542E8C5724F5 /* Pods-Festify-FestifyTests.debug.xcconfig */;
			buildSettings = {
				BUNDLE_LOADER = "$(TEST_HOST)";
				GCC_PREPROCESSOR_DEFINITIONS = (
					"DEBUG=1",
					"$(inherited)",
				);
				INFOPLIST_FILE = FestifyTests/Info.plist;
				IPHONEOS_DEPLOYMENT_TARGET = 12.4;
				LD_RUNPATH_SEARCH_PATHS = (
					"$(inherited)",
					"@executable_path/Frameworks",
					"@loader_path/Frameworks",
				);
				OTHER_LDFLAGS = (
					"-ObjC",
					"-lc++",
					"$(inherited)",
				);
				PRODUCT_BUNDLE_IDENTIFIER = "org.reactjs.native.example.$(PRODUCT_NAME:rfc1034identifier)";
				PRODUCT_NAME = "$(TARGET_NAME)";
				TEST_HOST = "$(BUILT_PRODUCTS_DIR)/Festify.app/Festify";
			};
			name = Debug;
		};
		00E356F71AD99517003FC87E /* Release */ = {
			isa = XCBuildConfiguration;
			baseConfigurationReference = 89C6BE57DB24E9ADA2F236DE /* Pods-Festify-FestifyTests.release.xcconfig */;
			buildSettings = {
				BUNDLE_LOADER = "$(TEST_HOST)";
				COPY_PHASE_STRIP = NO;
				INFOPLIST_FILE = FestifyTests/Info.plist;
				IPHONEOS_DEPLOYMENT_TARGET = 12.4;
				LD_RUNPATH_SEARCH_PATHS = (
					"$(inherited)",
					"@executable_path/Frameworks",
					"@loader_path/Frameworks",
				);
				OTHER_LDFLAGS = (
					"-ObjC",
					"-lc++",
					"$(inherited)",
				);
				PRODUCT_BUNDLE_IDENTIFIER = "org.reactjs.native.example.$(PRODUCT_NAME:rfc1034identifier)";
				PRODUCT_NAME = "$(TARGET_NAME)";
				TEST_HOST = "$(BUILT_PRODUCTS_DIR)/Festify.app/Festify";
			};
			name = Release;
		};
		13B07F941A680F5B00A75B9A /* Debug */ = {
			isa = XCBuildConfiguration;
			baseConfigurationReference = 3B4392A12AC88292D35C810B /* Pods-Festify.debug.xcconfig */;
			buildSettings = {
				ASSETCATALOG_COMPILER_APPICON_NAME = AppIcon;
				CLANG_ENABLE_MODULES = YES;
				CURRENT_PROJECT_VERSION = 1;
				ENABLE_BITCODE = NO;
				INFOPLIST_FILE = Festify/Info.plist;
				LD_RUNPATH_SEARCH_PATHS = (
					"$(inherited)",
					"@executable_path/Frameworks",
				);
				MARKETING_VERSION = 1.0;
				OTHER_LDFLAGS = (
					"$(inherited)",
					"-ObjC",
					"-lc++",
				);
				PRODUCT_BUNDLE_IDENTIFIER = "org.reactjs.native.example.$(PRODUCT_NAME:rfc1034identifier)";
				PRODUCT_NAME = Festify;
				SWIFT_OPTIMIZATION_LEVEL = "-Onone";
				SWIFT_VERSION = 5.0;
				VERSIONING_SYSTEM = "apple-generic";
			};
			name = Debug;
		};
		13B07F951A680F5B00A75B9A /* Release */ = {
			isa = XCBuildConfiguration;
			baseConfigurationReference = 5709B34CF0A7D63546082F79 /* Pods-Festify.release.xcconfig */;
			buildSettings = {
				ASSETCATALOG_COMPILER_APPICON_NAME = AppIcon;
				CLANG_ENABLE_MODULES = YES;
				CURRENT_PROJECT_VERSION = 1;
				INFOPLIST_FILE = Festify/Info.plist;
				LD_RUNPATH_SEARCH_PATHS = (
					"$(inherited)",
					"@executable_path/Frameworks",
				);
				MARKETING_VERSION = 1.0;
				OTHER_LDFLAGS = (
					"$(inherited)",
					"-ObjC",
					"-lc++",
				);
				PRODUCT_BUNDLE_IDENTIFIER = "org.reactjs.native.example.$(PRODUCT_NAME:rfc1034identifier)";
				PRODUCT_NAME = Festify;
				SWIFT_VERSION = 5.0;
				VERSIONING_SYSTEM = "apple-generic";
			};
			name = Release;
		};
		83CBBA201A601CBA00E9B192 /* Debug */ = {
			isa = XCBuildConfiguration;
			buildSettings = {
				ALWAYS_SEARCH_USER_PATHS = NO;
				CLANG_ANALYZER_LOCALIZABILITY_NONLOCALIZED = YES;
				CLANG_CXX_LANGUAGE_STANDARD = "c++17";
				CLANG_CXX_LIBRARY = "libc++";
				CLANG_ENABLE_MODULES = YES;
				CLANG_ENABLE_OBJC_ARC = YES;
				CLANG_WARN_BLOCK_CAPTURE_AUTORELEASING = YES;
				CLANG_WARN_BOOL_CONVERSION = YES;
				CLANG_WARN_COMMA = YES;
				CLANG_WARN_CONSTANT_CONVERSION = YES;
				CLANG_WARN_DEPRECATED_OBJC_IMPLEMENTATIONS = YES;
				CLANG_WARN_DIRECT_OBJC_ISA_USAGE = YES_ERROR;
				CLANG_WARN_EMPTY_BODY = YES;
				CLANG_WARN_ENUM_CONVERSION = YES;
				CLANG_WARN_INFINITE_RECURSION = YES;
				CLANG_WARN_INT_CONVERSION = YES;
				CLANG_WARN_NON_LITERAL_NULL_CONVERSION = YES;
				CLANG_WARN_OBJC_IMPLICIT_RETAIN_SELF = YES;
				CLANG_WARN_OBJC_LITERAL_CONVERSION = YES;
				CLANG_WARN_OBJC_ROOT_CLASS = YES_ERROR;
				CLANG_WARN_QUOTED_INCLUDE_IN_FRAMEWORK_HEADER = YES;
				CLANG_WARN_RANGE_LOOP_ANALYSIS = YES;
				CLANG_WARN_STRICT_PROTOTYPES = YES;
				CLANG_WARN_SUSPICIOUS_MOVE = YES;
				CLANG_WARN_UNREACHABLE_CODE = YES;
				CLANG_WARN__DUPLICATE_METHOD_MATCH = YES;
				"CODE_SIGN_IDENTITY[sdk=iphoneos*]" = "iPhone Developer";
				COPY_PHASE_STRIP = NO;
				ENABLE_STRICT_OBJC_MSGSEND = YES;
				ENABLE_TESTABILITY = YES;
				"EXCLUDED_ARCHS[sdk=iphonesimulator*]" = i386;
				GCC_C_LANGUAGE_STANDARD = gnu99;
				GCC_DYNAMIC_NO_PIC = NO;
				GCC_NO_COMMON_BLOCKS = YES;
				GCC_OPTIMIZATION_LEVEL = 0;
				GCC_PREPROCESSOR_DEFINITIONS = (
					"DEBUG=1",
					"$(inherited)",
					_LIBCPP_ENABLE_CXX17_REMOVED_UNARY_BINARY_FUNCTION,
				);
				GCC_SYMBOLS_PRIVATE_EXTERN = NO;
				GCC_WARN_64_TO_32_BIT_CONVERSION = YES;
				GCC_WARN_ABOUT_RETURN_TYPE = YES_ERROR;
				GCC_WARN_UNDECLARED_SELECTOR = YES;
				GCC_WARN_UNINITIALIZED_AUTOS = YES_AGGRESSIVE;
				GCC_WARN_UNUSED_FUNCTION = YES;
				GCC_WARN_UNUSED_VARIABLE = YES;
				HEADER_SEARCH_PATHS = (
					"$(inherited)",
					"${PODS_CONFIGURATION_BUILD_DIR}/ReactCommon-Samples/ReactCommon_Samples.framework/Headers",
					"${PODS_CONFIGURATION_BUILD_DIR}/ReactCommon/ReactCommon.framework/Headers/react/nativemodule/core",
					"${PODS_CONFIGURATION_BUILD_DIR}/ReactCommon-Samples/ReactCommon_Samples.framework/Headers/platform/ios",
					"${PODS_CONFIGURATION_BUILD_DIR}/React-NativeModulesApple/React_NativeModulesApple.framework/Headers",
					"${PODS_CONFIGURATION_BUILD_DIR}/React-graphics/React_graphics.framework/Headers/react/renderer/graphics/platform/ios",
				);
				IPHONEOS_DEPLOYMENT_TARGET = 12.4;
				LD_RUNPATH_SEARCH_PATHS = (
					/usr/lib/swift,
					"$(inherited)",
				);
				LIBRARY_SEARCH_PATHS = (
					"\"$(SDKROOT)/usr/lib/swift\"",
					"\"$(TOOLCHAIN_DIR)/usr/lib/swift/$(PLATFORM_NAME)\"",
					"\"$(inherited)\"",
				);
				MTL_ENABLE_DEBUG_INFO = YES;
				ONLY_ACTIVE_ARCH = YES;
				OTHER_CFLAGS = "$(inherited)";
				OTHER_CPLUSPLUSFLAGS = (
					"$(OTHER_CFLAGS)",
					"-DFOLLY_NO_CONFIG",
					"-DFOLLY_MOBILE=1",
					"-DFOLLY_USE_LIBCPP=1",
				);
				OTHER_LDFLAGS = (
					"$(inherited)",
					"-Wl",
					"-ld_classic",
					"-Wl",
					"-ld_classic",
					"-Wl -ld_classic ",
				);
				REACT_NATIVE_PATH = "${PODS_ROOT}/../../node_modules/react-native";
				SDKROOT = iphoneos;
			};
			name = Debug;
		};
		83CBBA211A601CBA00E9B192 /* Release */ = {
			isa = XCBuildConfiguration;
			buildSettings = {
				ALWAYS_SEARCH_USER_PATHS = NO;
				CLANG_ANALYZER_LOCALIZABILITY_NONLOCALIZED = YES;
				CLANG_CXX_LANGUAGE_STANDARD = "c++17";
				CLANG_CXX_LIBRARY = "libc++";
				CLANG_ENABLE_MODULES = YES;
				CLANG_ENABLE_OBJC_ARC = YES;
				CLANG_WARN_BLOCK_CAPTURE_AUTORELEASING = YES;
				CLANG_WARN_BOOL_CONVERSION = YES;
				CLANG_WARN_COMMA = YES;
				CLANG_WARN_CONSTANT_CONVERSION = YES;
				CLANG_WARN_DEPRECATED_OBJC_IMPLEMENTATIONS = YES;
				CLANG_WARN_DIRECT_OBJC_ISA_USAGE = YES_ERROR;
				CLANG_WARN_EMPTY_BODY = YES;
				CLANG_WARN_ENUM_CONVERSION = YES;
				CLANG_WARN_INFINITE_RECURSION = YES;
				CLANG_WARN_INT_CONVERSION = YES;
				CLANG_WARN_NON_LITERAL_NULL_CONVERSION = YES;
				CLANG_WARN_OBJC_IMPLICIT_RETAIN_SELF = YES;
				CLANG_WARN_OBJC_LITERAL_CONVERSION = YES;
				CLANG_WARN_OBJC_ROOT_CLASS = YES_ERROR;
				CLANG_WARN_QUOTED_INCLUDE_IN_FRAMEWORK_HEADER = YES;
				CLANG_WARN_RANGE_LOOP_ANALYSIS = YES;
				CLANG_WARN_STRICT_PROTOTYPES = YES;
				CLANG_WARN_SUSPICIOUS_MOVE = YES;
				CLANG_WARN_UNREACHABLE_CODE = YES;
				CLANG_WARN__DUPLICATE_METHOD_MATCH = YES;
				"CODE_SIGN_IDENTITY[sdk=iphoneos*]" = "iPhone Developer";
				COPY_PHASE_STRIP = YES;
				ENABLE_NS_ASSERTIONS = NO;
				ENABLE_STRICT_OBJC_MSGSEND = YES;
				"EXCLUDED_ARCHS[sdk=iphonesimulator*]" = i386;
				GCC_C_LANGUAGE_STANDARD = gnu99;
				GCC_NO_COMMON_BLOCKS = YES;
				GCC_PREPROCESSOR_DEFINITIONS = (
					"$(inherited)",
					_LIBCPP_ENABLE_CXX17_REMOVED_UNARY_BINARY_FUNCTION,
				);
				GCC_WARN_64_TO_32_BIT_CONVERSION = YES;
				GCC_WARN_ABOUT_RETURN_TYPE = YES_ERROR;
				GCC_WARN_UNDECLARED_SELECTOR = YES;
				GCC_WARN_UNINITIALIZED_AUTOS = YES_AGGRESSIVE;
				GCC_WARN_UNUSED_FUNCTION = YES;
				GCC_WARN_UNUSED_VARIABLE = YES;
				HEADER_SEARCH_PATHS = (
					"$(inherited)",
					"${PODS_CONFIGURATION_BUILD_DIR}/ReactCommon-Samples/ReactCommon_Samples.framework/Headers",
					"${PODS_CONFIGURATION_BUILD_DIR}/ReactCommon/ReactCommon.framework/Headers/react/nativemodule/core",
					"${PODS_CONFIGURATION_BUILD_DIR}/ReactCommon-Samples/ReactCommon_Samples.framework/Headers/platform/ios",
					"${PODS_CONFIGURATION_BUILD_DIR}/React-NativeModulesApple/React_NativeModulesApple.framework/Headers",
					"${PODS_CONFIGURATION_BUILD_DIR}/React-graphics/React_graphics.framework/Headers/react/renderer/graphics/platform/ios",
				);
				IPHONEOS_DEPLOYMENT_TARGET = 12.4;
				LD_RUNPATH_SEARCH_PATHS = (
					/usr/lib/swift,
					"$(inherited)",
				);
				LIBRARY_SEARCH_PATHS = (
					"\"$(SDKROOT)/usr/lib/swift\"",
					"\"$(TOOLCHAIN_DIR)/usr/lib/swift/$(PLATFORM_NAME)\"",
					"\"$(inherited)\"",
				);
				MTL_ENABLE_DEBUG_INFO = NO;
				OTHER_CFLAGS = "$(inherited)";
				OTHER_CPLUSPLUSFLAGS = (
					"$(OTHER_CFLAGS)",
					"-DFOLLY_NO_CONFIG",
					"-DFOLLY_MOBILE=1",
					"-DFOLLY_USE_LIBCPP=1",
				);
				OTHER_LDFLAGS = (
					"$(inherited)",
					"-Wl",
					"-ld_classic",
					"-Wl",
					"-ld_classic",
					"-Wl -ld_classic ",
				);
				REACT_NATIVE_PATH = "${PODS_ROOT}/../../node_modules/react-native";
				SDKROOT = iphoneos;
				VALIDATE_PRODUCT = YES;
			};
			name = Release;
		};
/* End XCBuildConfiguration section */

/* Begin XCConfigurationList section */
		00E357021AD99517003FC87E /* Build configuration list for PBXNativeTarget "FestifyTests" */ = {
			isa = XCConfigurationList;
			buildConfigurations = (
				00E356F61AD99517003FC87E /* Debug */,
				00E356F71AD99517003FC87E /* Release */,
			);
			defaultConfigurationIsVisible = 0;
			defaultConfigurationName = Release;
		};
		13B07F931A680F5B00A75B9A /* Build configuration list for PBXNativeTarget "Festify" */ = {
			isa = XCConfigurationList;
			buildConfigurations = (
				13B07F941A680F5B00A75B9A /* Debug */,
				13B07F951A680F5B00A75B9A /* Release */,
			);
			defaultConfigurationIsVisible = 0;
			defaultConfigurationName = Release;
		};
		83CBB9FA1A601CBA00E9B192 /* Build configuration list for PBXProject "Festify" */ = {
			isa = XCConfigurationList;
			buildConfigurations = (
				83CBBA201A601CBA00E9B192 /* Debug */,
				83CBBA211A601CBA00E9B192 /* Release */,
			);
			defaultConfigurationIsVisible = 0;
			defaultConfigurationName = Release;
		};
/* End XCConfigurationList section */
	};
	rootObject = 83CBB9F71A601CBA00E9B192 /* Project object */;
}
